
Microsoft Visual Studio Solution File, Format Version 12.00
# Visual Studio 14
VisualStudioVersion = 14.0.25420.1
MinimumVisualStudioVersion = 10.0.40219.1
Project("{FAE04EC0-301F-11D3-BF4B-00C04F79EFBC}") = "NumberSeries", "src\NumberSeries.csproj", "{0C331DDA-684E-43BC-91CE-CFD07DE8DF8B}"
EndProject
Project("{FAE04EC0-301F-11D3-BF4B-00C04F79EFBC}") = "NumberSeriesTests", "tests\NumberSeriesTests.csproj", "{DA84246A-EE7C-4738-B863-AD337B298CDE}"
EndProject
Global
	GlobalSection(SolutionConfigurationPlatforms) = preSolution
		Debug|Any CPU = Debug|Any CPU
		Release|Any CPU = Release|Any CPU
	EndGlobalSection
	GlobalSection(ProjectConfigurationPlatforms) = postSolution
		{0C331DDA-684E-43BC-91CE-CFD07DE8DF8B}.Debug|Any CPU.ActiveCfg = Debug|Any CPU
		{0C331DDA-684E-43BC-91CE-CFD07DE8DF8B}.Debug|Any CPU.Build.0 = Debug|Any CPU
		{0C331DDA-684E-43BC-91CE-CFD07DE8DF8B}.Release|Any CPU.ActiveCfg = Release|Any CPU
		{0C331DDA-684E-43BC-91CE-CFD07DE8DF8B}.Release|Any CPU.Build.0 = Release|Any CPU
		{DA84246A-EE7C-4738-B863-AD337B298CDE}.Debug|Any CPU.ActiveCfg = Debug|Any CPU
		{DA84246A-EE7C-4738-B863-AD337B298CDE}.Debug|Any CPU.Build.0 = Debug|Any CPU
		{DA84246A-EE7C-4738-B863-AD337B298CDE}.Release|Any CPU.ActiveCfg = Release|Any CPU
		{DA84246A-EE7C-4738-B863-AD337B298CDE}.Release|Any CPU.Build.0 = Release|Any CPU
	EndGlobalSection
	GlobalSection(SolutionProperties) = preSolution
		HideSolutionNode = FALSE
	EndGlobalSection
EndGlobal
